
Microsoft Visual Studio Solution File, Format Version 12.00
# Visual Studio 15
VisualStudioVersion = 15.0.27703.2026
MinimumVisualStudioVersion = 10.0.40219.1
Project("{FAE04EC0-301F-11D3-BF4B-00C04F79EFBC}") = "FPS.CoreLib", "FPS.CoreLib\FPS.CoreLib.csproj", "{7579A655-A74D-481A-ABB1-7E735C9AEF8D}"
EndProject
Project("{FAE04EC0-301F-11D3-BF4B-00C04F79EFBC}") = "FPS.CoreLibTest", "FPS.CoreLibTest\FPS.CoreLibTest.csproj", "{C5CFFAA3-3CA6-474A-8BBD-AD58AA6B853C}"
EndProject
Global
	GlobalSection(SolutionConfigurationPlatforms) = preSolution
		Debug|Any CPU = Debug|Any CPU
		Release|Any CPU = Release|Any CPU
	EndGlobalSection
	GlobalSection(ProjectConfigurationPlatforms) = postSolution
		{7579A655-A74D-481A-ABB1-7E735C9AEF8D}.Debug|Any CPU.ActiveCfg = Debug|Any CPU
		{7579A655-A74D-481A-ABB1-7E735C9AEF8D}.Debug|Any CPU.Build.0 = Debug|Any CPU
		{7579A655-A74D-481A-ABB1-7E735C9AEF8D}.Release|Any CPU.ActiveCfg = Release|Any CPU
		{7579A655-A74D-481A-ABB1-7E735C9AEF8D}.Release|Any CPU.Build.0 = Release|Any CPU
		{C5CFFAA3-3CA6-474A-8BBD-AD58AA6B853C}.Debug|Any CPU.ActiveCfg = Debug|Any CPU
		{C5CFFAA3-3CA6-474A-8BBD-AD58AA6B853C}.Debug|Any CPU.Build.0 = Debug|Any CPU
		{C5CFFAA3-3CA6-474A-8BBD-AD58AA6B853C}.Release|Any CPU.ActiveCfg = Release|Any CPU
		{C5CFFAA3-3CA6-474A-8BBD-AD58AA6B853C}.Release|Any CPU.Build.0 = Release|Any CPU
	EndGlobalSection
	GlobalSection(SolutionProperties) = preSolution
		HideSolutionNode = FALSE
	EndGlobalSection
	GlobalSection(ExtensibilityGlobals) = postSolution
		SolutionGuid = {E3954C87-E464-4DAA-8184-FF676DF22694}
	EndGlobalSection
EndGlobal
